// !$*UTF8*$!
{
	archiveVersion = 1;
	classes = {
	};
	objectVersion = 50;
	objects = {

/* Begin PBXBuildFile section */
		4986D38222EB0AD600C8BCA5 /* AppDelegate.swift in Sources */ = {isa = PBXBuildFile; fileRef = 4986D38122EB0AD600C8BCA5 /* AppDelegate.swift */; };
		4986D38422EB0AD600C8BCA5 /* ViewController.swift in Sources */ = {isa = PBXBuildFile; fileRef = 4986D38322EB0AD600C8BCA5 /* ViewController.swift */; };
		4986D38722EB0AD600C8BCA5 /* Main.storyboard in Resources */ = {isa = PBXBuildFile; fileRef = 4986D38522EB0AD600C8BCA5 /* Main.storyboard */; };
		4986D38922EB0AD700C8BCA5 /* Assets.xcassets in Resources */ = {isa = PBXBuildFile; fileRef = 4986D38822EB0AD700C8BCA5 /* Assets.xcassets */; };
		4986D38C22EB0AD700C8BCA5 /* LaunchScreen.storyboard in Resources */ = {isa = PBXBuildFile; fileRef = 4986D38A22EB0AD700C8BCA5 /* LaunchScreen.storyboard */; };
		4986D39722EB0AD700C8BCA5 /* ConversionCalculatorFinalTests.swift in Sources */ = {isa = PBXBuildFile; fileRef = 4986D39622EB0AD700C8BCA5 /* ConversionCalculatorFinalTests.swift */; };
		4986D3A222EB0AD700C8BCA5 /* ConversionCalculatorFinalUITests.swift in Sources */ = {isa = PBXBuildFile; fileRef = 4986D3A122EB0AD700C8BCA5 /* ConversionCalculatorFinalUITests.swift */; };
/* End PBXBuildFile section */

/* Begin PBXContainerItemProxy section */
		4986D39322EB0AD700C8BCA5 /* PBXContainerItemProxy */ = {
			isa = PBXContainerItemProxy;
			containerPortal = 4986D37622EB0AD600C8BCA5 /* Project object */;
			proxyType = 1;
			remoteGlobalIDString = 4986D37D22EB0AD600C8BCA5;
			remoteInfo = ConversionCalculatorFinal;
		};
		4986D39E22EB0AD700C8BCA5 /* PBXContainerItemProxy */ = {
			isa = PBXContainerItemProxy;
			containerPortal = 4986D37622EB0AD600C8BCA5 /* Project object */;
			proxyType = 1;
			remoteGlobalIDString = 4986D37D22EB0AD600C8BCA5;
			remoteInfo = ConversionCalculatorFinal;
		};
/* End PBXContainerItemProxy section */

/* Begin PBXFileReference section */
		4986D37E22EB0AD600C8BCA5 /* ConversionCalculatorFinal.app */ = {isa = PBXFileReference; explicitFileType = wrapper.application; includeInIndex = 0; path = ConversionCalculatorFinal.app; sourceTree = BUILT_PRODUCTS_DIR; };
		4986D38122EB0AD600C8BCA5 /* AppDelegate.swift */ = {isa = PBXFileReference; lastKnownFileType = sourcecode.swift; path = AppDelegate.swift; sourceTree = "<group>"; };
		4986D38322EB0AD600C8BCA5 /* ViewController.swift */ = {isa = PBXFileReference; lastKnownFileType = sourcecode.swift; path = ViewController.swift; sourceTree = "<group>"; };
		4986D38622EB0AD600C8BCA5 /* Base */ = {isa = PBXFileReference; lastKnownFileType = file.storyboard; name = Base; path = Base.lproj/Main.storyboard; sourceTree = "<group>"; };
		4986D38822EB0AD700C8BCA5 /* Assets.xcassets */ = {isa = PBXFileReference; lastKnownFileType = folder.assetcatalog; path = Assets.xcassets; sourceTree = "<group>"; };
		4986D38B22EB0AD700C8BCA5 /* Base */ = {isa = PBXFileReference; lastKnownFileType = file.storyboard; name = Base; path = Base.lproj/LaunchScreen.storyboard; sourceTree = "<group>"; };
		4986D38D22EB0AD700C8BCA5 /* Info.plist */ = {isa = PBXFileReference; lastKnownFileType = text.plist.xml; path = Info.plist; sourceTree = "<group>"; };
		4986D39222EB0AD700C8BCA5 /* ConversionCalculatorFinalTests.xctest */ = {isa = PBXFileReference; explicitFileType = wrapper.cfbundle; includeInIndex = 0; path = ConversionCalculatorFinalTests.xctest; sourceTree = BUILT_PRODUCTS_DIR; };
		4986D39622EB0AD700C8BCA5 /* ConversionCalculatorFinalTests.swift */ = {isa = PBXFileReference; lastKnownFileType = sourcecode.swift; path = ConversionCalculatorFinalTests.swift; sourceTree = "<group>"; };
		4986D39822EB0AD700C8BCA5 /* Info.plist */ = {isa = PBXFileReference; lastKnownFileType = text.plist.xml; path = Info.plist; sourceTree = "<group>"; };
		4986D39D22EB0AD700C8BCA5 /* ConversionCalculatorFinalUITests.xctest */ = {isa = PBXFileReference; explicitFileType = wrapper.cfbundle; includeInIndex = 0; path = ConversionCalculatorFinalUITests.xctest; sourceTree = BUILT_PRODUCTS_DIR; };
		4986D3A122EB0AD700C8BCA5 /* ConversionCalculatorFinalUITests.swift */ = {isa = PBXFileReference; lastKnownFileType = sourcecode.swift; path = ConversionCalculatorFinalUITests.swift; sourceTree = "<group>"; };
		4986D3A322EB0AD700C8BCA5 /* Info.plist */ = {isa = PBXFileReference; lastKnownFileType = text.plist.xml; path = Info.plist; sourceTree = "<group>"; };
/* End PBXFileReference section */

/* Begin PBXFrameworksBuildPhase section */
		4986D37B22EB0AD600C8BCA5 /* Frameworks */ = {
			isa = PBXFrameworksBuildPhase;
			buildActionMask = 2147483647;
			files = (
			);
			runOnlyForDeploymentPostprocessing = 0;
		};
		4986D38F22EB0AD700C8BCA5 /* Frameworks */ = {
			isa = PBXFrameworksBuildPhase;
			buildActionMask = 2147483647;
			files = (
			);
			runOnlyForDeploymentPostprocessing = 0;
		};
		4986D39A22EB0AD700C8BCA5 /* Frameworks */ = {
			isa = PBXFrameworksBuildPhase;
			buildActionMask = 2147483647;
			files = (
			);
			runOnlyForDeploymentPostprocessing = 0;
		};
/* End PBXFrameworksBuildPhase section */

/* Begin PBXGroup section */
		4986D37522EB0AD600C8BCA5 = {
			isa = PBXGroup;
			children = (
				4986D38022EB0AD600C8BCA5 /* ConversionCalculatorFinal */,
				4986D39522EB0AD700C8BCA5 /* ConversionCalculatorFinalTests */,
				4986D3A022EB0AD700C8BCA5 /* ConversionCalculatorFinalUITests */,
				4986D37F22EB0AD600C8BCA5 /* Products */,
			);
			sourceTree = "<group>";
		};
		4986D37F22EB0AD600C8BCA5 /* Products */ = {
			isa = PBXGroup;
			children = (
				4986D37E22EB0AD600C8BCA5 /* ConversionCalculatorFinal.app */,
				4986D39222EB0AD700C8BCA5 /* ConversionCalculatorFinalTests.xctest */,
				4986D39D22EB0AD700C8BCA5 /* ConversionCalculatorFinalUITests.xctest */,
			);
			name = Products;
			sourceTree = "<group>";
		};
		4986D38022EB0AD600C8BCA5 /* ConversionCalculatorFinal */ = {
			isa = PBXGroup;
			children = (
				4986D38122EB0AD600C8BCA5 /* AppDelegate.swift */,
				4986D38322EB0AD600C8BCA5 /* ViewController.swift */,
				4986D38522EB0AD600C8BCA5 /* Main.storyboard */,
				4986D38822EB0AD700C8BCA5 /* Assets.xcassets */,
				4986D38A22EB0AD700C8BCA5 /* LaunchScreen.storyboard */,
				4986D38D22EB0AD700C8BCA5 /* Info.plist */,
			);
			path = ConversionCalculatorFinal;
			sourceTree = "<group>";
		};
		4986D39522EB0AD700C8BCA5 /* ConversionCalculatorFinalTests */ = {
			isa = PBXGroup;
			children = (
				4986D39622EB0AD700C8BCA5 /* ConversionCalculatorFinalTests.swift */,
				4986D39822EB0AD700C8BCA5 /* Info.plist */,
			);
			path = ConversionCalculatorFinalTests;
			sourceTree = "<group>";
		};
		4986D3A022EB0AD700C8BCA5 /* ConversionCalculatorFinalUITests */ = {
			isa = PBXGroup;
			children = (
				4986D3A122EB0AD700C8BCA5 /* ConversionCalculatorFinalUITests.swift */,
				4986D3A322EB0AD700C8BCA5 /* Info.plist */,
			);
			path = ConversionCalculatorFinalUITests;
			sourceTree = "<group>";
		};
/* End PBXGroup section */

/* Begin PBXNativeTarget section */
		4986D37D22EB0AD600C8BCA5 /* ConversionCalculatorFinal */ = {
			isa = PBXNativeTarget;
			buildConfigurationList = 4986D3A622EB0AD700C8BCA5 /* Build configuration list for PBXNativeTarget "ConversionCalculatorFinal" */;
			buildPhases = (
				4986D37A22EB0AD600C8BCA5 /* Sources */,
				4986D37B22EB0AD600C8BCA5 /* Frameworks */,
				4986D37C22EB0AD600C8BCA5 /* Resources */,
			);
			buildRules = (
			);
			dependencies = (
			);
			name = ConversionCalculatorFinal;
			productName = ConversionCalculatorFinal;
			productReference = 4986D37E22EB0AD600C8BCA5 /* ConversionCalculatorFinal.app */;
			productType = "com.apple.product-type.application";
		};
		4986D39122EB0AD700C8BCA5 /* ConversionCalculatorFinalTests */ = {
			isa = PBXNativeTarget;
			buildConfigurationList = 4986D3A922EB0AD700C8BCA5 /* Build configuration list for PBXNativeTarget "ConversionCalculatorFinalTests" */;
			buildPhases = (
				4986D38E22EB0AD700C8BCA5 /* Sources */,
				4986D38F22EB0AD700C8BCA5 /* Frameworks */,
				4986D39022EB0AD700C8BCA5 /* Resources */,
			);
			buildRules = (
			);
			dependencies = (
				4986D39422EB0AD700C8BCA5 /* PBXTargetDependency */,
			);
			name = ConversionCalculatorFinalTests;
			productName = ConversionCalculatorFinalTests;
			productReference = 4986D39222EB0AD700C8BCA5 /* ConversionCalculatorFinalTests.xctest */;
			productType = "com.apple.product-type.bundle.unit-test";
		};
		4986D39C22EB0AD700C8BCA5 /* ConversionCalculatorFinalUITests */ = {
			isa = PBXNativeTarget;
			buildConfigurationList = 4986D3AC22EB0AD700C8BCA5 /* Build configuration list for PBXNativeTarget "ConversionCalculatorFinalUITests" */;
			buildPhases = (
				4986D39922EB0AD700C8BCA5 /* Sources */,
				4986D39A22EB0AD700C8BCA5 /* Frameworks */,
				4986D39B22EB0AD700C8BCA5 /* Resources */,
			);
			buildRules = (
			);
			dependencies = (
				4986D39F22EB0AD700C8BCA5 /* PBXTargetDependency */,
			);
			name = ConversionCalculatorFinalUITests;
			productName = ConversionCalculatorFinalUITests;
			productReference = 4986D39D22EB0AD700C8BCA5 /* ConversionCalculatorFinalUITests.xctest */;
			productType = "com.apple.product-type.bundle.ui-testing";
		};
/* End PBXNativeTarget section */

/* Begin PBXProject section */
		4986D37622EB0AD600C8BCA5 /* Project object */ = {
			isa = PBXProject;
			attributes = {
				LastSwiftUpdateCheck = 1020;
				LastUpgradeCheck = 1020;
				ORGANIZATIONNAME = "Peyton Tettleton";
				TargetAttributes = {
					4986D37D22EB0AD600C8BCA5 = {
						CreatedOnToolsVersion = 10.2.1;
					};
					4986D39122EB0AD700C8BCA5 = {
						CreatedOnToolsVersion = 10.2.1;
						TestTargetID = 4986D37D22EB0AD600C8BCA5;
					};
					4986D39C22EB0AD700C8BCA5 = {
						CreatedOnToolsVersion = 10.2.1;
						TestTargetID = 4986D37D22EB0AD600C8BCA5;
					};
				};
			};
			buildConfigurationList = 4986D37922EB0AD600C8BCA5 /* Build configuration list for PBXProject "ConversionCalculatorFinal" */;
			compatibilityVersion = "Xcode 9.3";
			developmentRegion = en;
			hasScannedForEncodings = 0;
			knownRegions = (
				en,
				Base,
			);
			mainGroup = 4986D37522EB0AD600C8BCA5;
			productRefGroup = 4986D37F22EB0AD600C8BCA5 /* Products */;
			projectDirPath = "";
			projectRoot = "";
			targets = (
				4986D37D22EB0AD600C8BCA5 /* ConversionCalculatorFinal */,
				4986D39122EB0AD700C8BCA5 /* ConversionCalculatorFinalTests */,
				4986D39C22EB0AD700C8BCA5 /* ConversionCalculatorFinalUITests */,
			);
		};
/* End PBXProject section */

/* Begin PBXResourcesBuildPhase section */
		4986D37C22EB0AD600C8BCA5 /* Resources */ = {
			isa = PBXResourcesBuildPhase;
			buildActionMask = 2147483647;
			files = (
				4986D38C22EB0AD700C8BCA5 /* LaunchScreen.storyboard in Resources */,
				4986D38922EB0AD700C8BCA5 /* Assets.xcassets in Resources */,
				4986D38722EB0AD600C8BCA5 /* Main.storyboard in Resources */,
			);
			runOnlyForDeploymentPostprocessing = 0;
		};
		4986D39022EB0AD700C8BCA5 /* Resources */ = {
			isa = PBXResourcesBuildPhase;
			buildActionMask = 2147483647;
			files = (
			);
			runOnlyForDeploymentPostprocessing = 0;
		};
		4986D39B22EB0AD700C8BCA5 /* Resources */ = {
			isa = PBXResourcesBuildPhase;
			buildActionMask = 2147483647;
			files = (
			);
			runOnlyForDeploymentPostprocessing = 0;
		};
/* End PBXResourcesBuildPhase section */

/* Begin PBXSourcesBuildPhase section */
		4986D37A22EB0AD600C8BCA5 /* Sources */ = {
			isa = PBXSourcesBuildPhase;
			buildActionMask = 2147483647;
			files = (
				4986D38422EB0AD600C8BCA5 /* ViewController.swift in Sources */,
				4986D38222EB0AD600C8BCA5 /* AppDelegate.swift in Sources */,
			);
			runOnlyForDeploymentPostprocessing = 0;
		};
		4986D38E22EB0AD700C8BCA5 /* Sources */ = {
			isa = PBXSourcesBuildPhase;
			buildActionMask = 2147483647;
			files = (
				4986D39722EB0AD700C8BCA5 /* ConversionCalculatorFinalTests.swift in Sources */,
			);
			runOnlyForDeploymentPostprocessing = 0;
		};
		4986D39922EB0AD700C8BCA5 /* Sources */ = {
			isa = PBXSourcesBuildPhase;
			buildActionMask = 2147483647;
			files = (
				4986D3A222EB0AD700C8BCA5 /* ConversionCalculatorFinalUITests.swift in Sources */,
			);
			runOnlyForDeploymentPostprocessing = 0;
		};
/* End PBXSourcesBuildPhase section */

/* Begin PBXTargetDependency section */
		4986D39422EB0AD700C8BCA5 /* PBXTargetDependency */ = {
			isa = PBXTargetDependency;
			target = 4986D37D22EB0AD600C8BCA5 /* ConversionCalculatorFinal */;
			targetProxy = 4986D39322EB0AD700C8BCA5 /* PBXContainerItemProxy */;
		};
		4986D39F22EB0AD700C8BCA5 /* PBXTargetDependency */ = {
			isa = PBXTargetDependency;
			target = 4986D37D22EB0AD600C8BCA5 /* ConversionCalculatorFinal */;
			targetProxy = 4986D39E22EB0AD700C8BCA5 /* PBXContainerItemProxy */;
		};
/* End PBXTargetDependency section */

/* Begin PBXVariantGroup section */
		4986D38522EB0AD600C8BCA5 /* Main.storyboard */ = {
			isa = PBXVariantGroup;
			children = (
				4986D38622EB0AD600C8BCA5 /* Base */,
			);
			name = Main.storyboard;
			sourceTree = "<group>";
		};
		4986D38A22EB0AD700C8BCA5 /* LaunchScreen.storyboard */ = {
			isa = PBXVariantGroup;
			children = (
				4986D38B22EB0AD700C8BCA5 /* Base */,
			);
			name = LaunchScreen.storyboard;
			sourceTree = "<group>";
		};
/* End PBXVariantGroup section */

/* Begin XCBuildConfiguration section */
		4986D3A422EB0AD700C8BCA5 /* Debug */ = {
			isa = XCBuildConfiguration;
			buildSettings = {
				ALWAYS_SEARCH_USER_PATHS = NO;
				CLANG_ANALYZER_NONNULL = YES;
				CLANG_ANALYZER_NUMBER_OBJECT_CONVERSION = YES_AGGRESSIVE;
				CLANG_CXX_LANGUAGE_STANDARD = "gnu++14";
				CLANG_CXX_LIBRARY = "libc++";
				CLANG_ENABLE_MODULES = YES;
				CLANG_ENABLE_OBJC_ARC = YES;
				CLANG_ENABLE_OBJC_WEAK = YES;
				CLANG_WARN_BLOCK_CAPTURE_AUTORELEASING = YES;
				CLANG_WARN_BOOL_CONVERSION = YES;
				CLANG_WARN_COMMA = YES;
				CLANG_WARN_CONSTANT_CONVERSION = YES;
				CLANG_WARN_DEPRECATED_OBJC_IMPLEMENTATIONS = YES;
				CLANG_WARN_DIRECT_OBJC_ISA_USAGE = YES_ERROR;
				CLANG_WARN_DOCUMENTATION_COMMENTS = YES;
				CLANG_WARN_EMPTY_BODY = YES;
				CLANG_WARN_ENUM_CONVERSION = YES;
				CLANG_WARN_INFINITE_RECURSION = YES;
				CLANG_WARN_INT_CONVERSION = YES;
				CLANG_WARN_NON_LITERAL_NULL_CONVERSION = YES;
				CLANG_WARN_OBJC_IMPLICIT_RETAIN_SELF = YES;
				CLANG_WARN_OBJC_LITERAL_CONVERSION = YES;
				CLANG_WARN_OBJC_ROOT_CLASS = YES_ERROR;
				CLANG_WARN_RANGE_LOOP_ANALYSIS = YES;
				CLANG_WARN_STRICT_PROTOTYPES = YES;
				CLANG_WARN_SUSPICIOUS_MOVE = YES;
				CLANG_WARN_UNGUARDED_AVAILABILITY = YES_AGGRESSIVE;
				CLANG_WARN_UNREACHABLE_CODE = YES;
				CLANG_WARN__DUPLICATE_METHOD_MATCH = YES;
				CODE_SIGN_IDENTITY = "iPhone Developer";
				COPY_PHASE_STRIP = NO;
				DEBUG_INFORMATION_FORMAT = dwarf;
				ENABLE_STRICT_OBJC_MSGSEND = YES;
				ENABLE_TESTABILITY = YES;
				GCC_C_LANGUAGE_STANDARD = gnu11;
				GCC_DYNAMIC_NO_PIC = NO;
				GCC_NO_COMMON_BLOCKS = YES;
				GCC_OPTIMIZATION_LEVEL = 0;
				GCC_PREPROCESSOR_DEFINITIONS = (
					"DEBUG=1",
					"$(inherited)",
				);
				GCC_WARN_64_TO_32_BIT_CONVERSION = YES;
				GCC_WARN_ABOUT_RETURN_TYPE = YES_ERROR;
				GCC_WARN_UNDECLARED_SELECTOR = YES;
				GCC_WARN_UNINITIALIZED_AUTOS = YES_AGGRESSIVE;
				GCC_WARN_UNUSED_FUNCTION = YES;
				GCC_WARN_UNUSED_VARIABLE = YES;
				IPHONEOS_DEPLOYMENT_TARGET = 12.2;
				MTL_ENABLE_DEBUG_INFO = INCLUDE_SOURCE;
				MTL_FAST_MATH = YES;
				ONLY_ACTIVE_ARCH = YES;
				SDKROOT = iphoneos;
				SWIFT_ACTIVE_COMPILATION_CONDITIONS = DEBUG;
				SWIFT_OPTIMIZATION_LEVEL = "-Onone";
			};
			name = Debug;
		};
		4986D3A522EB0AD700C8BCA5 /* Release */ = {
			isa = XCBuildConfiguration;
			buildSettings = {
				ALWAYS_SEARCH_USER_PATHS = NO;
				CLANG_ANALYZER_NONNULL = YES;
				CLANG_ANALYZER_NUMBER_OBJECT_CONVERSION = YES_AGGRESSIVE;
				CLANG_CXX_LANGUAGE_STANDARD = "gnu++14";
				CLANG_CXX_LIBRARY = "libc++";
				CLANG_ENABLE_MODULES = YES;
				CLANG_ENABLE_OBJC_ARC = YES;
				CLANG_ENABLE_OBJC_WEAK = YES;
				CLANG_WARN_BLOCK_CAPTURE_AUTORELEASING = YES;
				CLANG_WARN_BOOL_CONVERSION = YES;
				CLANG_WARN_COMMA = YES;
				CLANG_WARN_CONSTANT_CONVERSION = YES;
				CLANG_WARN_DEPRECATED_OBJC_IMPLEMENTATIONS = YES;
				CLANG_WARN_DIRECT_OBJC_ISA_USAGE = YES_ERROR;
				CLANG_WARN_DOCUMENTATION_COMMENTS = YES;
				CLANG_WARN_EMPTY_BODY = YES;
				CLANG_WARN_ENUM_CONVERSION = YES;
				CLANG_WARN_INFINITE_RECURSION = YES;
				CLANG_WARN_INT_CONVERSION = YES;
				CLANG_WARN_NON_LITERAL_NULL_CONVERSION = YES;
				CLANG_WARN_OBJC_IMPLICIT_RETAIN_SELF = YES;
				CLANG_WARN_OBJC_LITERAL_CONVERSION = YES;
				CLANG_WARN_OBJC_ROOT_CLASS = YES_ERROR;
				CLANG_WARN_RANGE_LOOP_ANALYSIS = YES;
				CLANG_WARN_STRICT_PROTOTYPES = YES;
				CLANG_WARN_SUSPICIOUS_MOVE = YES;
				CLANG_WARN_UNGUARDED_AVAILABILITY = YES_AGGRESSIVE;
				CLANG_WARN_UNREACHABLE_CODE = YES;
				CLANG_WARN__DUPLICATE_METHOD_MATCH = YES;
				CODE_SIGN_IDENTITY = "iPhone Developer";
				COPY_PHASE_STRIP = NO;
				DEBUG_INFORMATION_FORMAT = "dwarf-with-dsym";
				ENABLE_NS_ASSERTIONS = NO;
				ENABLE_STRICT_OBJC_MSGSEND = YES;
				GCC_C_LANGUAGE_STANDARD = gnu11;
				GCC_NO_COMMON_BLOCKS = YES;
				GCC_WARN_64_TO_32_BIT_CONVERSION = YES;
				GCC_WARN_ABOUT_RETURN_TYPE = YES_ERROR;
				GCC_WARN_UNDECLARED_SELECTOR = YES;
				GCC_WARN_UNINITIALIZED_AUTOS = YES_AGGRESSIVE;
				GCC_WARN_UNUSED_FUNCTION = YES;
				GCC_WARN_UNUSED_VARIABLE = YES;
				IPHONEOS_DEPLOYMENT_TARGET = 12.2;
				MTL_ENABLE_DEBUG_INFO = NO;
				MTL_FAST_MATH = YES;
				SDKROOT = iphoneos;
				SWIFT_COMPILATION_MODE = wholemodule;
				SWIFT_OPTIMIZATION_LEVEL = "-O";
				VALIDATE_PRODUCT = YES;
			};
			name = Release;
		};
		4986D3A722EB0AD700C8BCA5 /* Debug */ = {
			isa = XCBuildConfiguration;
			buildSettings = {
				ASSETCATALOG_COMPILER_APPICON_NAME = AppIcon;
				CODE_SIGN_STYLE = Automatic;
				DEVELOPMENT_TEAM = XQ2DK6UQZT;
				INFOPLIST_FILE = ConversionCalculatorFinal/Info.plist;
				LD_RUNPATH_SEARCH_PATHS = (
					"$(inherited)",
					"@executable_path/Frameworks",
				);
				PRODUCT_BUNDLE_IDENTIFIER = com.peytontettleton.ConversionCalculatorFinal;
				PRODUCT_NAME = "$(TARGET_NAME)";
				SWIFT_VERSION = 5.0;
				TARGETED_DEVICE_FAMILY = "1,2";
			};
			name = Debug;
		};
		4986D3A822EB0AD700C8BCA5 /* Release */ = {
			isa = XCBuildConfiguration;
			buildSettings = {
				ASSETCATALOG_COMPILER_APPICON_NAME = AppIcon;
				CODE_SIGN_STYLE = Automatic;
				DEVELOPMENT_TEAM = XQ2DK6UQZT;
				INFOPLIST_FILE = ConversionCalculatorFinal/Info.plist;
				LD_RUNPATH_SEARCH_PATHS = (
					"$(inherited)",
					"@executable_path/Frameworks",
				);
				PRODUCT_BUNDLE_IDENTIFIER = com.peytontettleton.ConversionCalculatorFinal;
				PRODUCT_NAME = "$(TARGET_NAME)";
				SWIFT_VERSION = 5.0;
				TARGETED_DEVICE_FAMILY = "1,2";
			};
			name = Release;
		};
		4986D3AA22EB0AD700C8BCA5 /* Debug */ = {
			isa = XCBuildConfiguration;
			buildSettings = {
				ALWAYS_EMBED_SWIFT_STANDARD_LIBRARIES = YES;
				BUNDLE_LOADER = "$(TEST_HOST)";
				CODE_SIGN_STYLE = Automatic;
				DEVELOPMENT_TEAM = XQ2DK6UQZT;
				INFOPLIST_FILE = ConversionCalculatorFinalTests/Info.plist;
				LD_RUNPATH_SEARCH_PATHS = (
					"$(inherited)",
					"@executable_path/Frameworks",
					"@loader_path/Frameworks",
				);
				PRODUCT_BUNDLE_IDENTIFIER = com.peytontettleton.ConversionCalculatorFinalTests;
				PRODUCT_NAME = "$(TARGET_NAME)";
				SWIFT_VERSION = 5.0;
				TARGETED_DEVICE_FAMILY = "1,2";
				TEST_HOST = "$(BUILT_PRODUCTS_DIR)/ConversionCalculatorFinal.app/ConversionCalculatorFinal";
			};
			name = Debug;
		};
		4986D3AB22EB0AD700C8BCA5 /* Release */ = {
			isa = XCBuildConfiguration;
			buildSettings = {
				ALWAYS_EMBED_SWIFT_STANDARD_LIBRARIES = YES;
				BUNDLE_LOADER = "$(TEST_HOST)";
				CODE_SIGN_STYLE = Automatic;
				DEVELOPMENT_TEAM = XQ2DK6UQZT;
				INFOPLIST_FILE = ConversionCalculatorFinalTests/Info.plist;
				LD_RUNPATH_SEARCH_PATHS = (
					"$(inherited)",
					"@executable_path/Frameworks",
					"@loader_path/Frameworks",
				);
				PRODUCT_BUNDLE_IDENTIFIER = com.peytontettleton.ConversionCalculatorFinalTests;
				PRODUCT_NAME = "$(TARGET_NAME)";
				SWIFT_VERSION = 5.0;
				TARGETED_DEVICE_FAMILY = "1,2";
				TEST_HOST = "$(BUILT_PRODUCTS_DIR)/ConversionCalculatorFinal.app/ConversionCalculatorFinal";
			};
			name = Release;
		};
		4986D3AD22EB0AD700C8BCA5 /* Debug */ = {
			isa = XCBuildConfiguration;
			buildSettings = {
				ALWAYS_EMBED_SWIFT_STANDARD_LIBRARIES = YES;
				CODE_SIGN_STYLE = Automatic;
				DEVELOPMENT_TEAM = XQ2DK6UQZT;
				INFOPLIST_FILE = ConversionCalculatorFinalUITests/Info.plist;
				LD_RUNPATH_SEARCH_PATHS = (
					"$(inherited)",
					"@executable_path/Frameworks",
					"@loader_path/Frameworks",
				);
				PRODUCT_BUNDLE_IDENTIFIER = com.peytontettleton.ConversionCalculatorFinalUITests;
				PRODUCT_NAME = "$(TARGET_NAME)";
				SWIFT_VERSION = 5.0;
				TARGETED_DEVICE_FAMILY = "1,2";
				TEST_TARGET_NAME = ConversionCalculatorFinal;
			};
			name = Debug;
		};
		4986D3AE22EB0AD700C8BCA5 /* Release */ = {
			isa = XCBuildConfiguration;
			buildSettings = {
				ALWAYS_EMBED_SWIFT_STANDARD_LIBRARIES = YES;
				CODE_SIGN_STYLE = Automatic;
				DEVELOPMENT_TEAM = XQ2DK6UQZT;
				INFOPLIST_FILE = ConversionCalculatorFinalUITests/Info.plist;
				LD_RUNPATH_SEARCH_PATHS = (
					"$(inherited)",
					"@executable_path/Frameworks",
					"@loader_path/Frameworks",
				);
				PRODUCT_BUNDLE_IDENTIFIER = com.peytontettleton.ConversionCalculatorFinalUITests;
				PRODUCT_NAME = "$(TARGET_NAME)";
				SWIFT_VERSION = 5.0;
				TARGETED_DEVICE_FAMILY = "1,2";
				TEST_TARGET_NAME = ConversionCalculatorFinal;
			};
			name = Release;
		};
/* End XCBuildConfiguration section */

/* Begin XCConfigurationList section */
		4986D37922EB0AD600C8BCA5 /* Build configuration list for PBXProject "ConversionCalculatorFinal" */ = {
			isa = XCConfigurationList;
			buildConfigurations = (
				4986D3A422EB0AD700C8BCA5 /* Debug */,
				4986D3A522EB0AD700C8BCA5 /* Release */,
			);
			defaultConfigurationIsVisible = 0;
			defaultConfigurationName = Release;
		};
		4986D3A622EB0AD700C8BCA5 /* Build configuration list for PBXNativeTarget "ConversionCalculatorFinal" */ = {
			isa = XCConfigurationList;
			buildConfigurations = (
				4986D3A722EB0AD700C8BCA5 /* Debug */,
				4986D3A822EB0AD700C8BCA5 /* Release */,
			);
			defaultConfigurationIsVisible = 0;
			defaultConfigurationName = Release;
		};
		4986D3A922EB0AD700C8BCA5 /* Build configuration list for PBXNativeTarget "ConversionCalculatorFinalTests" */ = {
			isa = XCConfigurationList;
			buildConfigurations = (
				4986D3AA22EB0AD700C8BCA5 /* Debug */,
				4986D3AB22EB0AD700C8BCA5 /* Release */,
			);
			defaultConfigurationIsVisible = 0;
			defaultConfigurationName = Release;
		};
		4986D3AC22EB0AD700C8BCA5 /* Build configuration list for PBXNativeTarget "ConversionCalculatorFinalUITests" */ = {
			isa = XCConfigurationList;
			buildConfigurations = (
				4986D3AD22EB0AD700C8BCA5 /* Debug */,
				4986D3AE22EB0AD700C8BCA5 /* Release */,
			);
			defaultConfigurationIsVisible = 0;
			defaultConfigurationName = Release;
		};
/* End XCConfigurationList section */
	};
	rootObject = 4986D37622EB0AD600C8BCA5 /* Project object */;
}
